
Microsoft Visual Studio Solution File, Format Version 12.00
# Visual Studio Version 16
VisualStudioVersion = 16.0.29215.179
MinimumVisualStudioVersion = 10.0.40219.1
Project("{8BC9CEB8-8B4A-11D0-8D11-00A0C91BC942}") = "ExerciceClasse1", "ExerciceClasse1\ExerciceClasse1.vcxproj", "{7C95862C-AD63-40CD-BC70-98079C2FC806}"
EndProject
Project("{8BC9CEB8-8B4A-11D0-8D11-00A0C91BC942}") = "Exo2", "Exo2\Exo2.vcxproj", "{749B6582-AEFD-40DB-8ACF-5119F5F09380}"
EndProject
Global
	GlobalSection(SolutionConfigurationPlatforms) = preSolution
		Debug|x64 = Debug|x64
		Debug|x86 = Debug|x86
		Release|x64 = Release|x64
		Release|x86 = Release|x86
	EndGlobalSection
	GlobalSection(ProjectConfigurationPlatforms) = postSolution
		{7C95862C-AD63-40CD-BC70-98079C2FC806}.Debug|x64.ActiveCfg = Debug|x64
		{7C95862C-AD63-40CD-BC70-98079C2FC806}.Debug|x64.Build.0 = Debug|x64
		{7C95862C-AD63-40CD-BC70-98079C2FC806}.Debug|x86.ActiveCfg = Debug|Win32
		{7C95862C-AD63-40CD-BC70-98079C2FC806}.Debug|x86.Build.0 = Debug|Win32
		{7C95862C-AD63-40CD-BC70-98079C2FC806}.Release|x64.ActiveCfg = Release|x64
		{7C95862C-AD63-40CD-BC70-98079C2FC806}.Release|x64.Build.0 = Release|x64
		{7C95862C-AD63-40CD-BC70-98079C2FC806}.Release|x86.ActiveCfg = Release|Win32
		{7C95862C-AD63-40CD-BC70-98079C2FC806}.Release|x86.Build.0 = Release|Win32
		{749B6582-AEFD-40DB-8ACF-5119F5F09380}.Debug|x64.ActiveCfg = Debug|x64
		{749B6582-AEFD-40DB-8ACF-5119F5F09380}.Debug|x64.Build.0 = Debug|x64
		{749B6582-AEFD-40DB-8ACF-5119F5F09380}.Debug|x86.ActiveCfg = Debug|Win32
		{749B6582-AEFD-40DB-8ACF-5119F5F09380}.Debug|x86.Build.0 = Debug|Win32
		{749B6582-AEFD-40DB-8ACF-5119F5F09380}.Release|x64.ActiveCfg = Release|x64
		{749B6582-AEFD-40DB-8ACF-5119F5F09380}.Release|x64.Build.0 = Release|x64
		{749B6582-AEFD-40DB-8ACF-5119F5F09380}.Release|x86.ActiveCfg = Release|Win32
		{749B6582-AEFD-40DB-8ACF-5119F5F09380}.Release|x86.Build.0 = Release|Win32
	EndGlobalSection
	GlobalSection(SolutionProperties) = preSolution
		HideSolutionNode = FALSE
	EndGlobalSection
	GlobalSection(ExtensibilityGlobals) = postSolution
		SolutionGuid = {4847A2E4-5810-4959-897A-97AF4BCC6395}
	EndGlobalSection
EndGlobal
