
Microsoft Visual Studio Solution File, Format Version 12.00
# Visual Studio Version 16
VisualStudioVersion = 16.0.29215.179
MinimumVisualStudioVersion = 10.0.40219.1
Project("{8BC9CEB8-8B4A-11D0-8D11-00A0C91BC942}") = "Q1", "Q1\Q1.vcxproj", "{1E969B92-AD12-42F5-93F3-DF82AFAFBC5B}"
EndProject
Project("{8BC9CEB8-8B4A-11D0-8D11-00A0C91BC942}") = "Q2", "Q2\Q2.vcxproj", "{B35718B9-4361-4453-A643-3F54E62CB879}"
EndProject
Project("{8BC9CEB8-8B4A-11D0-8D11-00A0C91BC942}") = "Q3", "Q3\Q3.vcxproj", "{2ECA6D53-B719-45E4-A687-B563CFE5AD13}"
EndProject
Project("{8BC9CEB8-8B4A-11D0-8D11-00A0C91BC942}") = "Q4", "Q4\Q4.vcxproj", "{EE9459CC-215C-44F1-A8BF-7154D9B498A7}"
EndProject
Project("{8BC9CEB8-8B4A-11D0-8D11-00A0C91BC942}") = "Q5", "Q5\Q5.vcxproj", "{D96573FC-F5D5-4DEB-95DF-9149477ED91A}"
EndProject
Project("{8BC9CEB8-8B4A-11D0-8D11-00A0C91BC942}") = "Q6", "Q6\Q6.vcxproj", "{889909C7-1060-4217-AAC6-951AE54411C8}"
EndProject
Project("{8BC9CEB8-8B4A-11D0-8D11-00A0C91BC942}") = "Q7", "Q7\Q7.vcxproj", "{E969A9E0-B955-4F0A-ABA5-47DF9F8C28AB}"
EndProject
Project("{8BC9CEB8-8B4A-11D0-8D11-00A0C91BC942}") = "Q8", "Q8\Q8.vcxproj", "{3C0099C5-7DE5-462C-95D1-5F99B7469822}"
EndProject
Project("{8BC9CEB8-8B4A-11D0-8D11-00A0C91BC942}") = "Q9", "Q9\Q9.vcxproj", "{5AD9A6AA-486F-419C-8CE8-744DD98181D5}"
EndProject
Global
	GlobalSection(SolutionConfigurationPlatforms) = preSolution
		Debug|x64 = Debug|x64
		Debug|x86 = Debug|x86
		Release|x64 = Release|x64
		Release|x86 = Release|x86
	EndGlobalSection
	GlobalSection(ProjectConfigurationPlatforms) = postSolution
		{1E969B92-AD12-42F5-93F3-DF82AFAFBC5B}.Debug|x64.ActiveCfg = Debug|x64
		{1E969B92-AD12-42F5-93F3-DF82AFAFBC5B}.Debug|x64.Build.0 = Debug|x64
		{1E969B92-AD12-42F5-93F3-DF82AFAFBC5B}.Debug|x86.ActiveCfg = Debug|Win32
		{1E969B92-AD12-42F5-93F3-DF82AFAFBC5B}.Debug|x86.Build.0 = Debug|Win32
		{1E969B92-AD12-42F5-93F3-DF82AFAFBC5B}.Release|x64.ActiveCfg = Release|x64
		{1E969B92-AD12-42F5-93F3-DF82AFAFBC5B}.Release|x64.Build.0 = Release|x64
		{1E969B92-AD12-42F5-93F3-DF82AFAFBC5B}.Release|x86.ActiveCfg = Release|Win32
		{1E969B92-AD12-42F5-93F3-DF82AFAFBC5B}.Release|x86.Build.0 = Release|Win32
		{B35718B9-4361-4453-A643-3F54E62CB879}.Debug|x64.ActiveCfg = Debug|x64
		{B35718B9-4361-4453-A643-3F54E62CB879}.Debug|x64.Build.0 = Debug|x64
		{B35718B9-4361-4453-A643-3F54E62CB879}.Debug|x86.ActiveCfg = Debug|Win32
		{B35718B9-4361-4453-A643-3F54E62CB879}.Debug|x86.Build.0 = Debug|Win32
		{B35718B9-4361-4453-A643-3F54E62CB879}.Release|x64.ActiveCfg = Release|x64
		{B35718B9-4361-4453-A643-3F54E62CB879}.Release|x64.Build.0 = Release|x64
		{B35718B9-4361-4453-A643-3F54E62CB879}.Release|x86.ActiveCfg = Release|Win32
		{B35718B9-4361-4453-A643-3F54E62CB879}.Release|x86.Build.0 = Release|Win32
		{2ECA6D53-B719-45E4-A687-B563CFE5AD13}.Debug|x64.ActiveCfg = Debug|x64
		{2ECA6D53-B719-45E4-A687-B563CFE5AD13}.Debug|x64.Build.0 = Debug|x64
		{2ECA6D53-B719-45E4-A687-B563CFE5AD13}.Debug|x86.ActiveCfg = Debug|Win32
		{2ECA6D53-B719-45E4-A687-B563CFE5AD13}.Debug|x86.Build.0 = Debug|Win32
		{2ECA6D53-B719-45E4-A687-B563CFE5AD13}.Release|x64.ActiveCfg = Release|x64
		{2ECA6D53-B719-45E4-A687-B563CFE5AD13}.Release|x64.Build.0 = Release|x64
		{2ECA6D53-B719-45E4-A687-B563CFE5AD13}.Release|x86.ActiveCfg = Release|Win32
		{2ECA6D53-B719-45E4-A687-B563CFE5AD13}.Release|x86.Build.0 = Release|Win32
		{EE9459CC-215C-44F1-A8BF-7154D9B498A7}.Debug|x64.ActiveCfg = Debug|x64
		{EE9459CC-215C-44F1-A8BF-7154D9B498A7}.Debug|x64.Build.0 = Debug|x64
		{EE9459CC-215C-44F1-A8BF-7154D9B498A7}.Debug|x86.ActiveCfg = Debug|Win32
		{EE9459CC-215C-44F1-A8BF-7154D9B498A7}.Debug|x86.Build.0 = Debug|Win32
		{EE9459CC-215C-44F1-A8BF-7154D9B498A7}.Release|x64.ActiveCfg = Release|x64
		{EE9459CC-215C-44F1-A8BF-7154D9B498A7}.Release|x64.Build.0 = Release|x64
		{EE9459CC-215C-44F1-A8BF-7154D9B498A7}.Release|x86.ActiveCfg = Release|Win32
		{EE9459CC-215C-44F1-A8BF-7154D9B498A7}.Release|x86.Build.0 = Release|Win32
		{D96573FC-F5D5-4DEB-95DF-9149477ED91A}.Debug|x64.ActiveCfg = Debug|x64
		{D96573FC-F5D5-4DEB-95DF-9149477ED91A}.Debug|x64.Build.0 = Debug|x64
		{D96573FC-F5D5-4DEB-95DF-9149477ED91A}.Debug|x86.ActiveCfg = Debug|Win32
		{D96573FC-F5D5-4DEB-95DF-9149477ED91A}.Debug|x86.Build.0 = Debug|Win32
		{D96573FC-F5D5-4DEB-95DF-9149477ED91A}.Release|x64.ActiveCfg = Release|x64
		{D96573FC-F5D5-4DEB-95DF-9149477ED91A}.Release|x64.Build.0 = Release|x64
		{D96573FC-F5D5-4DEB-95DF-9149477ED91A}.Release|x86.ActiveCfg = Release|Win32
		{D96573FC-F5D5-4DEB-95DF-9149477ED91A}.Release|x86.Build.0 = Release|Win32
		{889909C7-1060-4217-AAC6-951AE54411C8}.Debug|x64.ActiveCfg = Debug|x64
		{889909C7-1060-4217-AAC6-951AE54411C8}.Debug|x64.Build.0 = Debug|x64
		{889909C7-1060-4217-AAC6-951AE54411C8}.Debug|x86.ActiveCfg = Debug|Win32
		{889909C7-1060-4217-AAC6-951AE54411C8}.Debug|x86.Build.0 = Debug|Win32
		{889909C7-1060-4217-AAC6-951AE54411C8}.Release|x64.ActiveCfg = Release|x64
		{889909C7-1060-4217-AAC6-951AE54411C8}.Release|x64.Build.0 = Release|x64
		{889909C7-1060-4217-AAC6-951AE54411C8}.Release|x86.ActiveCfg = Release|Win32
		{889909C7-1060-4217-AAC6-951AE54411C8}.Release|x86.Build.0 = Release|Win32
		{E969A9E0-B955-4F0A-ABA5-47DF9F8C28AB}.Debug|x64.ActiveCfg = Debug|x64
		{E969A9E0-B955-4F0A-ABA5-47DF9F8C28AB}.Debug|x64.Build.0 = Debug|x64
		{E969A9E0-B955-4F0A-ABA5-47DF9F8C28AB}.Debug|x86.ActiveCfg = Debug|Win32
		{E969A9E0-B955-4F0A-ABA5-47DF9F8C28AB}.Debug|x86.Build.0 = Debug|Win32
		{E969A9E0-B955-4F0A-ABA5-47DF9F8C28AB}.Release|x64.ActiveCfg = Release|x64
		{E969A9E0-B955-4F0A-ABA5-47DF9F8C28AB}.Release|x64.Build.0 = Release|x64
		{E969A9E0-B955-4F0A-ABA5-47DF9F8C28AB}.Release|x86.ActiveCfg = Release|Win32
		{E969A9E0-B955-4F0A-ABA5-47DF9F8C28AB}.Release|x86.Build.0 = Release|Win32
		{3C0099C5-7DE5-462C-95D1-5F99B7469822}.Debug|x64.ActiveCfg = Debug|x64
		{3C0099C5-7DE5-462C-95D1-5F99B7469822}.Debug|x64.Build.0 = Debug|x64
		{3C0099C5-7DE5-462C-95D1-5F99B7469822}.Debug|x86.ActiveCfg = Debug|Win32
		{3C0099C5-7DE5-462C-95D1-5F99B7469822}.Debug|x86.Build.0 = Debug|Win32
		{3C0099C5-7DE5-462C-95D1-5F99B7469822}.Release|x64.ActiveCfg = Release|x64
		{3C0099C5-7DE5-462C-95D1-5F99B7469822}.Release|x64.Build.0 = Release|x64
		{3C0099C5-7DE5-462C-95D1-5F99B7469822}.Release|x86.ActiveCfg = Release|Win32
		{3C0099C5-7DE5-462C-95D1-5F99B7469822}.Release|x86.Build.0 = Release|Win32
		{5AD9A6AA-486F-419C-8CE8-744DD98181D5}.Debug|x64.ActiveCfg = Debug|x64
		{5AD9A6AA-486F-419C-8CE8-744DD98181D5}.Debug|x64.Build.0 = Debug|x64
		{5AD9A6AA-486F-419C-8CE8-744DD98181D5}.Debug|x86.ActiveCfg = Debug|Win32
		{5AD9A6AA-486F-419C-8CE8-744DD98181D5}.Debug|x86.Build.0 = Debug|Win32
		{5AD9A6AA-486F-419C-8CE8-744DD98181D5}.Release|x64.ActiveCfg = Release|x64
		{5AD9A6AA-486F-419C-8CE8-744DD98181D5}.Release|x64.Build.0 = Release|x64
		{5AD9A6AA-486F-419C-8CE8-744DD98181D5}.Release|x86.ActiveCfg = Release|Win32
		{5AD9A6AA-486F-419C-8CE8-744DD98181D5}.Release|x86.Build.0 = Release|Win32
	EndGlobalSection
	GlobalSection(SolutionProperties) = preSolution
		HideSolutionNode = FALSE
	EndGlobalSection
	GlobalSection(ExtensibilityGlobals) = postSolution
		SolutionGuid = {17D1FF2D-2155-481A-A9DF-89D6E1CF88EB}
	EndGlobalSection
EndGlobal
